{
    "version": 3,
    "terraform_version": "0.11.1",
    "serial": 30,
    "lineage": "352bcbba-47d9-483a-96ba-9db7a20004b7",
    "modules": [
        {
            "path": [
                "root"
            ],
            "outputs": {},
            "resources": {
                "aws_eip.NatEIP": {
                    "type": "aws_eip",
                    "depends_on": [],
                    "primary": {
                        "id": "eipalloc-ec5e7fe5",
                        "attributes": {
                            "association_id": "eipassoc-f424df08",
                            "domain": "vpc",
                            "id": "eipalloc-ec5e7fe5",
                            "instance": "",
                            "network_interface": "eni-e1ba0062",
                            "private_ip": "10.0.1.9",
                            "public_ip": "35.171.208.124",
                            "tags.%": "1",
                            "tags.Name": "EIP NatGateway",
                            "vpc": "true"
                        },
                        "meta": {
                            "e2bfb730-ecaa-11e6-8f88-34363bc7c4c0": {
                                "delete": 180000000000,
                                "read": 900000000000,
                                "update": 300000000000
                            }
                        },
                        "tainted": false
                    },
                    "deposed": [],
                    "provider": "provider.aws"
                },
                "aws_internet_gateway.IGW": {
                    "type": "aws_internet_gateway",
                    "depends_on": [
                        "aws_vpc.default"
                    ],
                    "primary": {
                        "id": "igw-382fa740",
                        "attributes": {
                            "id": "igw-382fa740",
                            "tags.%": "1",
                            "tags.Name": "Default-IGW",
                            "vpc_id": "vpc-da84faa1"
                        },
                        "meta": {},
                        "tainted": false
                    },
                    "deposed": [],
                    "provider": "provider.aws"
                },
                "aws_subnet.Public_Pus1": {
                    "type": "aws_subnet",
                    "depends_on": [
                        "aws_vpc.default",
                        "data.aws_availability_zones.available"
                    ],
                    "primary": {
                        "id": "subnet-7bb15a1c",
                        "attributes": {
                            "assign_ipv6_address_on_creation": "false",
                            "availability_zone": "us-east-1a",
                            "cidr_block": "10.0.1.0/24",
                            "id": "subnet-7bb15a1c",
                            "map_public_ip_on_launch": "false",
                            "tags.%": "1",
                            "tags.Name": "us-east-1-a_10.0.1.0_public",
                            "vpc_id": "vpc-da84faa1"
                        },
                        "meta": {
                            "schema_version": "1"
                        },
                        "tainted": false
                    },
                    "deposed": [],
                    "provider": "provider.aws"
                },
                "aws_vpc.default": {
                    "type": "aws_vpc",
                    "depends_on": [],
                    "primary": {
                        "id": "vpc-da84faa1",
                        "attributes": {
                            "assign_generated_ipv6_cidr_block": "false",
                            "cidr_block": "10.0.0.0/16",
                            "default_network_acl_id": "acl-31c1114b",
                            "default_route_table_id": "rtb-2005785c",
                            "default_security_group_id": "sg-d387029a",
                            "dhcp_options_id": "dopt-848f70e1",
                            "enable_classiclink": "false",
                            "enable_classiclink_dns_support": "false",
                            "enable_dns_hostnames": "true",
                            "enable_dns_support": "true",
                            "id": "vpc-da84faa1",
                            "instance_tenancy": "default",
                            "main_route_table_id": "rtb-2005785c",
                            "tags.%": "1",
                            "tags.Name": "us-east-1_10.0.0.0"
                        },
                        "meta": {
                            "schema_version": "1"
                        },
                        "tainted": false
                    },
                    "deposed": [],
                    "provider": "provider.aws"
                },
                "data.aws_availability_zones.available": {
                    "type": "aws_availability_zones",
                    "depends_on": [],
                    "primary": {
                        "id": "2018-04-17 06:19:38.522641413 +0000 UTC",
                        "attributes": {
                            "id": "2018-04-17 06:19:38.522641413 +0000 UTC",
                            "names.#": "6",
                            "names.0": "us-east-1a",
                            "names.1": "us-east-1b",
                            "names.2": "us-east-1c",
                            "names.3": "us-east-1d",
                            "names.4": "us-east-1e",
                            "names.5": "us-east-1f"
                        },
                        "meta": {},
                        "tainted": false
                    },
                    "deposed": [],
                    "provider": "provider.aws"
                }
            },
            "depends_on": []
        }
    ]
}
